PODS:
  - FMDB (2.6.2):
    - FMDB/standard (= 2.6.2)
  - FMDB/standard (2.6.2)
  - Masonry (1.0.0)

DEPENDENCIES:
  - FMDB
  - Masonry

SPEC REPOS:
  https://github.com/CocoaPods/Specs.git:
    - FMDB
    - Masonry

SPEC CHECKSUMS:
  FMDB: 854a0341b4726e53276f2a8996f06f1b80f9259a
  Masonry: b529bb169217897b6354d4b56b1fada6d475b13d

PODFILE CHECKSUM: f2944974c780c7212a9e87aac410d3a13e8fd1d2

COCOAPODS: 1.5.0
